
Microsoft Visual Studio Solution File, Format Version 12.00
# Visual Studio Version 17
VisualStudioVersion = 17.0.32014.148
MinimumVisualStudioVersion = 10.0.40219.1
Project("{2150E333-8FDC-42A3-9474-1A3956D46DE8}") = "Client", "Client", "{AD86DA8B-5713-4DDA-B717-247E1C17E636}"
EndProject
Project("{2150E333-8FDC-42A3-9474-1A3956D46DE8}") = "Services", "Services", "{ABAE42B9-B3E1-441B-90A2-77F84EBD1A24}"
EndProject
Project("{2150E333-8FDC-42A3-9474-1A3956D46DE8}") = "Tests", "Tests", "{7F5FDBFA-8524-405A-B7D5-8944D0DDC71E}"
EndProject
Project("{2150E333-8FDC-42A3-9474-1A3956D46DE8}") = "Utilities", "Utilities", "{966657AC-1F71-46A2-9DAA-E48ABB893F22}"
EndProject
Project("{2150E333-8FDC-42A3-9474-1A3956D46DE8}") = "Devops", "Devops", "{1F869F41-098E-4F24-A582-348F67D4B116}"
	ProjectSection(SolutionItems) = preProject
		Devops\docker-compose.yml = Devops\docker-compose.yml
		Devops\dotnet_windows.yml = Devops\dotnet_windows.yml
	EndProjectSection
EndProject
Project("{9A19103F-16F7-4668-BE54-9A1E7A4F7556}") = "UI", "Client\UI\UI.csproj", "{7A20A612-8187-469C-8963-64B4ACDC3268}"
EndProject
Project("{9A19103F-16F7-4668-BE54-9A1E7A4F7556}") = "CosmosDBClientSetup", "Utilities\CosmosDBClientSetup\CosmosDBClientSetup.csproj", "{5F02D7B8-E728-47CB-8676-C36FEE448242}"
EndProject
Project("{9A19103F-16F7-4668-BE54-9A1E7A4F7556}") = "HttpClientSetup", "Utilities\HttpClientSetup\HttpClientSetup.csproj", "{C50B9CFF-CDCF-4CB7-B7A3-B260185F97F5}"
EndProject
Project("{9A19103F-16F7-4668-BE54-9A1E7A4F7556}") = "usersTest", "Tests\usersTest\usersTest.csproj", "{98777D92-67F0-49E3-8584-93B41B212270}"
EndProject
Project("{2150E333-8FDC-42A3-9474-1A3956D46DE8}") = "Managers", "Managers", "{05100108-D3A3-4ACC-B5E1-0B19CD3AE615}"
EndProject
Project("{2150E333-8FDC-42A3-9474-1A3956D46DE8}") = "Accessors", "Accessors", "{43F0BD28-FEEF-4EE6-BCBA-B3230ED80A05}"
EndProject
Project("{2150E333-8FDC-42A3-9474-1A3956D46DE8}") = "Engines", "Engines", "{3E7ADE23-41A9-4B47-8BFC-618C6EACDCD5}"
EndProject
Project("{9A19103F-16F7-4668-BE54-9A1E7A4F7556}") = "UserManager", "Services\Managers\UserManager\UserManager.csproj", "{F55BE64C-CB56-4D13-AE40-9F9039C9BE88}"
EndProject
Project("{9A19103F-16F7-4668-BE54-9A1E7A4F7556}") = "TwitterAccessor", "Services\Accessors\TwitterAccessor\TwitterAccessor.csproj", "{1D71F495-2110-4681-AA87-D6BDD882ED30}"
EndProject
Project("{9A19103F-16F7-4668-BE54-9A1E7A4F7556}") = "DataBaseAccessor", "Services\Accessors\DataBaseAccessor\DataBaseAccessor.csproj", "{B16BEDD0-5D29-448B-A952-ED97F348FCB7}"
EndProject
Project("{9A19103F-16F7-4668-BE54-9A1E7A4F7556}") = "ReportsEngine", "Services\Engines\ReportsEngine\ReportsEngine.csproj", "{132BE24B-CA90-4B30-86CD-55C5C25709FC}"
EndProject
Project("{9A19103F-16F7-4668-BE54-9A1E7A4F7556}") = "WitterEngine", "Services\Engines\WitterEngine\WitterEngine.csproj", "{ECB36D18-80B2-448C-A05E-B176DBAD0B04}"
EndProject
Project("{9A19103F-16F7-4668-BE54-9A1E7A4F7556}") = "BalanceEngine", "Services\Engines\BalanceEngine\BalanceEngine.csproj", "{F1C1FA37-37ED-4850-8BF8-EBEC09CD4CFB}"
EndProject
Project("{9A19103F-16F7-4668-BE54-9A1E7A4F7556}") = "CampaignsManager", "Services\Managers\CampaignsManager\CampaignsManager.csproj", "{2C5F247E-5896-48DA-BFDF-E9716A54B0BE}"
EndProject
Project("{9A19103F-16F7-4668-BE54-9A1E7A4F7556}") = "ShopManager", "Services\Managers\ShopManager\ShopManager.csproj", "{11D32B0C-7C14-48D7-876D-9D83105BE94B}"
EndProject
Project("{9A19103F-16F7-4668-BE54-9A1E7A4F7556}") = "ReportsManager", "Services\Managers\ReportsManager\ReportsManager.csproj", "{551AD8AC-947C-4791-8302-65CDDEB5D6AD}"
EndProject
Project("{9A19103F-16F7-4668-BE54-9A1E7A4F7556}") = "SocialNetworksManager", "Services\Managers\SocialNetworksManager\SocialNetworksManager.csproj", "{8EAB66E0-87B8-43F0-8ED1-1339FCA2E953}"
EndProject
Project("{FAE04EC0-301F-11D3-BF4B-00C04F79EFBC}") = "MySQLConnection", "Utilities\MySqlConnection\MySQLConnection.csproj", "{88E981E6-E300-43DB-82C6-9518450AC26F}"
EndProject
Project("{FAE04EC0-301F-11D3-BF4B-00C04F79EFBC}") = "WinFormsApp1", "WinFormsApp1\WinFormsApp1.csproj", "{CFA605DD-EC5E-4A42-B777-1A7F163FB3C4}"
EndProject
Global
	GlobalSection(SolutionConfigurationPlatforms) = preSolution
		Debug|Any CPU = Debug|Any CPU
		Debug|x64 = Debug|x64
		Release|Any CPU = Release|Any CPU
		Release|x64 = Release|x64
	EndGlobalSection
	GlobalSection(ProjectConfigurationPlatforms) = postSolution
		{7A20A612-8187-469C-8963-64B4ACDC3268}.Debug|Any CPU.ActiveCfg = Debug|Any CPU
		{7A20A612-8187-469C-8963-64B4ACDC3268}.Debug|Any CPU.Build.0 = Debug|Any CPU
		{7A20A612-8187-469C-8963-64B4ACDC3268}.Debug|x64.ActiveCfg = Debug|Any CPU
		{7A20A612-8187-469C-8963-64B4ACDC3268}.Debug|x64.Build.0 = Debug|Any CPU
		{7A20A612-8187-469C-8963-64B4ACDC3268}.Release|Any CPU.ActiveCfg = Release|Any CPU
		{7A20A612-8187-469C-8963-64B4ACDC3268}.Release|Any CPU.Build.0 = Release|Any CPU
		{7A20A612-8187-469C-8963-64B4ACDC3268}.Release|x64.ActiveCfg = Release|Any CPU
		{7A20A612-8187-469C-8963-64B4ACDC3268}.Release|x64.Build.0 = Release|Any CPU
		{5F02D7B8-E728-47CB-8676-C36FEE448242}.Debug|Any CPU.ActiveCfg = Debug|Any CPU
		{5F02D7B8-E728-47CB-8676-C36FEE448242}.Debug|Any CPU.Build.0 = Debug|Any CPU
		{5F02D7B8-E728-47CB-8676-C36FEE448242}.Debug|x64.ActiveCfg = Debug|Any CPU
		{5F02D7B8-E728-47CB-8676-C36FEE448242}.Debug|x64.Build.0 = Debug|Any CPU
		{5F02D7B8-E728-47CB-8676-C36FEE448242}.Release|Any CPU.ActiveCfg = Release|Any CPU
		{5F02D7B8-E728-47CB-8676-C36FEE448242}.Release|Any CPU.Build.0 = Release|Any CPU
		{5F02D7B8-E728-47CB-8676-C36FEE448242}.Release|x64.ActiveCfg = Release|Any CPU
		{5F02D7B8-E728-47CB-8676-C36FEE448242}.Release|x64.Build.0 = Release|Any CPU
		{C50B9CFF-CDCF-4CB7-B7A3-B260185F97F5}.Debug|Any CPU.ActiveCfg = Debug|Any CPU
		{C50B9CFF-CDCF-4CB7-B7A3-B260185F97F5}.Debug|Any CPU.Build.0 = Debug|Any CPU
		{C50B9CFF-CDCF-4CB7-B7A3-B260185F97F5}.Debug|x64.ActiveCfg = Debug|Any CPU
		{C50B9CFF-CDCF-4CB7-B7A3-B260185F97F5}.Debug|x64.Build.0 = Debug|Any CPU
		{C50B9CFF-CDCF-4CB7-B7A3-B260185F97F5}.Release|Any CPU.ActiveCfg = Release|Any CPU
		{C50B9CFF-CDCF-4CB7-B7A3-B260185F97F5}.Release|Any CPU.Build.0 = Release|Any CPU
		{C50B9CFF-CDCF-4CB7-B7A3-B260185F97F5}.Release|x64.ActiveCfg = Release|Any CPU
		{C50B9CFF-CDCF-4CB7-B7A3-B260185F97F5}.Release|x64.Build.0 = Release|Any CPU
		{98777D92-67F0-49E3-8584-93B41B212270}.Debug|Any CPU.ActiveCfg = Debug|Any CPU
		{98777D92-67F0-49E3-8584-93B41B212270}.Debug|Any CPU.Build.0 = Debug|Any CPU
		{98777D92-67F0-49E3-8584-93B41B212270}.Debug|x64.ActiveCfg = Debug|Any CPU
		{98777D92-67F0-49E3-8584-93B41B212270}.Debug|x64.Build.0 = Debug|Any CPU
		{98777D92-67F0-49E3-8584-93B41B212270}.Release|Any CPU.ActiveCfg = Release|Any CPU
		{98777D92-67F0-49E3-8584-93B41B212270}.Release|Any CPU.Build.0 = Release|Any CPU
		{98777D92-67F0-49E3-8584-93B41B212270}.Release|x64.ActiveCfg = Release|Any CPU
		{98777D92-67F0-49E3-8584-93B41B212270}.Release|x64.Build.0 = Release|Any CPU
		{F55BE64C-CB56-4D13-AE40-9F9039C9BE88}.Debug|Any CPU.ActiveCfg = Debug|Any CPU
		{F55BE64C-CB56-4D13-AE40-9F9039C9BE88}.Debug|Any CPU.Build.0 = Debug|Any CPU
		{F55BE64C-CB56-4D13-AE40-9F9039C9BE88}.Debug|x64.ActiveCfg = Debug|Any CPU
		{F55BE64C-CB56-4D13-AE40-9F9039C9BE88}.Debug|x64.Build.0 = Debug|Any CPU
		{F55BE64C-CB56-4D13-AE40-9F9039C9BE88}.Release|Any CPU.ActiveCfg = Release|Any CPU
		{F55BE64C-CB56-4D13-AE40-9F9039C9BE88}.Release|Any CPU.Build.0 = Release|Any CPU
		{F55BE64C-CB56-4D13-AE40-9F9039C9BE88}.Release|x64.ActiveCfg = Release|Any CPU
		{F55BE64C-CB56-4D13-AE40-9F9039C9BE88}.Release|x64.Build.0 = Release|Any CPU
		{1D71F495-2110-4681-AA87-D6BDD882ED30}.Debug|Any CPU.ActiveCfg = Debug|Any CPU
		{1D71F495-2110-4681-AA87-D6BDD882ED30}.Debug|Any CPU.Build.0 = Debug|Any CPU
		{1D71F495-2110-4681-AA87-D6BDD882ED30}.Debug|x64.ActiveCfg = Debug|Any CPU
		{1D71F495-2110-4681-AA87-D6BDD882ED30}.Debug|x64.Build.0 = Debug|Any CPU
		{1D71F495-2110-4681-AA87-D6BDD882ED30}.Release|Any CPU.ActiveCfg = Release|Any CPU
		{1D71F495-2110-4681-AA87-D6BDD882ED30}.Release|Any CPU.Build.0 = Release|Any CPU
		{1D71F495-2110-4681-AA87-D6BDD882ED30}.Release|x64.ActiveCfg = Release|Any CPU
		{1D71F495-2110-4681-AA87-D6BDD882ED30}.Release|x64.Build.0 = Release|Any CPU
		{B16BEDD0-5D29-448B-A952-ED97F348FCB7}.Debug|Any CPU.ActiveCfg = Debug|Any CPU
		{B16BEDD0-5D29-448B-A952-ED97F348FCB7}.Debug|Any CPU.Build.0 = Debug|Any CPU
		{B16BEDD0-5D29-448B-A952-ED97F348FCB7}.Debug|x64.ActiveCfg = Debug|Any CPU
		{B16BEDD0-5D29-448B-A952-ED97F348FCB7}.Debug|x64.Build.0 = Debug|Any CPU
		{B16BEDD0-5D29-448B-A952-ED97F348FCB7}.Release|Any CPU.ActiveCfg = Release|Any CPU
		{B16BEDD0-5D29-448B-A952-ED97F348FCB7}.Release|Any CPU.Build.0 = Release|Any CPU
		{B16BEDD0-5D29-448B-A952-ED97F348FCB7}.Release|x64.ActiveCfg = Release|Any CPU
		{B16BEDD0-5D29-448B-A952-ED97F348FCB7}.Release|x64.Build.0 = Release|Any CPU
		{132BE24B-CA90-4B30-86CD-55C5C25709FC}.Debug|Any CPU.ActiveCfg = Debug|Any CPU
		{132BE24B-CA90-4B30-86CD-55C5C25709FC}.Debug|Any CPU.Build.0 = Debug|Any CPU
		{132BE24B-CA90-4B30-86CD-55C5C25709FC}.Debug|x64.ActiveCfg = Debug|Any CPU
		{132BE24B-CA90-4B30-86CD-55C5C25709FC}.Debug|x64.Build.0 = Debug|Any CPU
		{132BE24B-CA90-4B30-86CD-55C5C25709FC}.Release|Any CPU.ActiveCfg = Release|Any CPU
		{132BE24B-CA90-4B30-86CD-55C5C25709FC}.Release|Any CPU.Build.0 = Release|Any CPU
		{132BE24B-CA90-4B30-86CD-55C5C25709FC}.Release|x64.ActiveCfg = Release|Any CPU
		{132BE24B-CA90-4B30-86CD-55C5C25709FC}.Release|x64.Build.0 = Release|Any CPU
		{ECB36D18-80B2-448C-A05E-B176DBAD0B04}.Debug|Any CPU.ActiveCfg = Debug|Any CPU
		{ECB36D18-80B2-448C-A05E-B176DBAD0B04}.Debug|Any CPU.Build.0 = Debug|Any CPU
		{ECB36D18-80B2-448C-A05E-B176DBAD0B04}.Debug|x64.ActiveCfg = Debug|Any CPU
		{ECB36D18-80B2-448C-A05E-B176DBAD0B04}.Debug|x64.Build.0 = Debug|Any CPU
		{ECB36D18-80B2-448C-A05E-B176DBAD0B04}.Release|Any CPU.ActiveCfg = Release|Any CPU
		{ECB36D18-80B2-448C-A05E-B176DBAD0B04}.Release|Any CPU.Build.0 = Release|Any CPU
		{ECB36D18-80B2-448C-A05E-B176DBAD0B04}.Release|x64.ActiveCfg = Release|Any CPU
		{ECB36D18-80B2-448C-A05E-B176DBAD0B04}.Release|x64.Build.0 = Release|Any CPU
		{F1C1FA37-37ED-4850-8BF8-EBEC09CD4CFB}.Debug|Any CPU.ActiveCfg = Debug|Any CPU
		{F1C1FA37-37ED-4850-8BF8-EBEC09CD4CFB}.Debug|Any CPU.Build.0 = Debug|Any CPU
		{F1C1FA37-37ED-4850-8BF8-EBEC09CD4CFB}.Debug|x64.ActiveCfg = Debug|Any CPU
		{F1C1FA37-37ED-4850-8BF8-EBEC09CD4CFB}.Debug|x64.Build.0 = Debug|Any CPU
		{F1C1FA37-37ED-4850-8BF8-EBEC09CD4CFB}.Release|Any CPU.ActiveCfg = Release|Any CPU
		{F1C1FA37-37ED-4850-8BF8-EBEC09CD4CFB}.Release|Any CPU.Build.0 = Release|Any CPU
		{F1C1FA37-37ED-4850-8BF8-EBEC09CD4CFB}.Release|x64.ActiveCfg = Release|Any CPU
		{F1C1FA37-37ED-4850-8BF8-EBEC09CD4CFB}.Release|x64.Build.0 = Release|Any CPU
		{2C5F247E-5896-48DA-BFDF-E9716A54B0BE}.Debug|Any CPU.ActiveCfg = Debug|Any CPU
		{2C5F247E-5896-48DA-BFDF-E9716A54B0BE}.Debug|Any CPU.Build.0 = Debug|Any CPU
		{2C5F247E-5896-48DA-BFDF-E9716A54B0BE}.Debug|x64.ActiveCfg = Debug|Any CPU
		{2C5F247E-5896-48DA-BFDF-E9716A54B0BE}.Debug|x64.Build.0 = Debug|Any CPU
		{2C5F247E-5896-48DA-BFDF-E9716A54B0BE}.Release|Any CPU.ActiveCfg = Release|Any CPU
		{2C5F247E-5896-48DA-BFDF-E9716A54B0BE}.Release|Any CPU.Build.0 = Release|Any CPU
		{2C5F247E-5896-48DA-BFDF-E9716A54B0BE}.Release|x64.ActiveCfg = Release|Any CPU
		{2C5F247E-5896-48DA-BFDF-E9716A54B0BE}.Release|x64.Build.0 = Release|Any CPU
		{11D32B0C-7C14-48D7-876D-9D83105BE94B}.Debug|Any CPU.ActiveCfg = Debug|Any CPU
		{11D32B0C-7C14-48D7-876D-9D83105BE94B}.Debug|Any CPU.Build.0 = Debug|Any CPU
		{11D32B0C-7C14-48D7-876D-9D83105BE94B}.Debug|x64.ActiveCfg = Debug|Any CPU
		{11D32B0C-7C14-48D7-876D-9D83105BE94B}.Debug|x64.Build.0 = Debug|Any CPU
		{11D32B0C-7C14-48D7-876D-9D83105BE94B}.Release|Any CPU.ActiveCfg = Release|Any CPU
		{11D32B0C-7C14-48D7-876D-9D83105BE94B}.Release|Any CPU.Build.0 = Release|Any CPU
		{11D32B0C-7C14-48D7-876D-9D83105BE94B}.Release|x64.ActiveCfg = Release|Any CPU
		{11D32B0C-7C14-48D7-876D-9D83105BE94B}.Release|x64.Build.0 = Release|Any CPU
		{551AD8AC-947C-4791-8302-65CDDEB5D6AD}.Debug|Any CPU.ActiveCfg = Debug|Any CPU
		{551AD8AC-947C-4791-8302-65CDDEB5D6AD}.Debug|Any CPU.Build.0 = Debug|Any CPU
		{551AD8AC-947C-4791-8302-65CDDEB5D6AD}.Debug|x64.ActiveCfg = Debug|Any CPU
		{551AD8AC-947C-4791-8302-65CDDEB5D6AD}.Debug|x64.Build.0 = Debug|Any CPU
		{551AD8AC-947C-4791-8302-65CDDEB5D6AD}.Release|Any CPU.ActiveCfg = Release|Any CPU
		{551AD8AC-947C-4791-8302-65CDDEB5D6AD}.Release|Any CPU.Build.0 = Release|Any CPU
		{551AD8AC-947C-4791-8302-65CDDEB5D6AD}.Release|x64.ActiveCfg = Release|Any CPU
		{551AD8AC-947C-4791-8302-65CDDEB5D6AD}.Release|x64.Build.0 = Release|Any CPU
		{8EAB66E0-87B8-43F0-8ED1-1339FCA2E953}.Debug|Any CPU.ActiveCfg = Debug|Any CPU
		{8EAB66E0-87B8-43F0-8ED1-1339FCA2E953}.Debug|Any CPU.Build.0 = Debug|Any CPU
		{8EAB66E0-87B8-43F0-8ED1-1339FCA2E953}.Debug|x64.ActiveCfg = Debug|Any CPU
		{8EAB66E0-87B8-43F0-8ED1-1339FCA2E953}.Debug|x64.Build.0 = Debug|Any CPU
		{8EAB66E0-87B8-43F0-8ED1-1339FCA2E953}.Release|Any CPU.ActiveCfg = Release|Any CPU
		{8EAB66E0-87B8-43F0-8ED1-1339FCA2E953}.Release|Any CPU.Build.0 = Release|Any CPU
		{8EAB66E0-87B8-43F0-8ED1-1339FCA2E953}.Release|x64.ActiveCfg = Release|Any CPU
		{8EAB66E0-87B8-43F0-8ED1-1339FCA2E953}.Release|x64.Build.0 = Release|Any CPU
		{88E981E6-E300-43DB-82C6-9518450AC26F}.Debug|Any CPU.ActiveCfg = Debug|Any CPU
		{88E981E6-E300-43DB-82C6-9518450AC26F}.Debug|Any CPU.Build.0 = Debug|Any CPU
		{88E981E6-E300-43DB-82C6-9518450AC26F}.Debug|x64.ActiveCfg = Debug|Any CPU
		{88E981E6-E300-43DB-82C6-9518450AC26F}.Debug|x64.Build.0 = Debug|Any CPU
		{88E981E6-E300-43DB-82C6-9518450AC26F}.Release|Any CPU.ActiveCfg = Release|Any CPU
		{88E981E6-E300-43DB-82C6-9518450AC26F}.Release|Any CPU.Build.0 = Release|Any CPU
		{88E981E6-E300-43DB-82C6-9518450AC26F}.Release|x64.ActiveCfg = Release|Any CPU
		{88E981E6-E300-43DB-82C6-9518450AC26F}.Release|x64.Build.0 = Release|Any CPU
		{CFA605DD-EC5E-4A42-B777-1A7F163FB3C4}.Debug|Any CPU.ActiveCfg = Debug|Any CPU
		{CFA605DD-EC5E-4A42-B777-1A7F163FB3C4}.Debug|Any CPU.Build.0 = Debug|Any CPU
		{CFA605DD-EC5E-4A42-B777-1A7F163FB3C4}.Debug|x64.ActiveCfg = Debug|Any CPU
		{CFA605DD-EC5E-4A42-B777-1A7F163FB3C4}.Debug|x64.Build.0 = Debug|Any CPU
		{CFA605DD-EC5E-4A42-B777-1A7F163FB3C4}.Release|Any CPU.ActiveCfg = Release|Any CPU
		{CFA605DD-EC5E-4A42-B777-1A7F163FB3C4}.Release|Any CPU.Build.0 = Release|Any CPU
		{CFA605DD-EC5E-4A42-B777-1A7F163FB3C4}.Release|x64.ActiveCfg = Release|Any CPU
		{CFA605DD-EC5E-4A42-B777-1A7F163FB3C4}.Release|x64.Build.0 = Release|Any CPU
	EndGlobalSection
	GlobalSection(SolutionProperties) = preSolution
		HideSolutionNode = FALSE
	EndGlobalSection
	GlobalSection(NestedProjects) = preSolution
		{7A20A612-8187-469C-8963-64B4ACDC3268} = {AD86DA8B-5713-4DDA-B717-247E1C17E636}
		{5F02D7B8-E728-47CB-8676-C36FEE448242} = {966657AC-1F71-46A2-9DAA-E48ABB893F22}
		{C50B9CFF-CDCF-4CB7-B7A3-B260185F97F5} = {966657AC-1F71-46A2-9DAA-E48ABB893F22}
		{98777D92-67F0-49E3-8584-93B41B212270} = {7F5FDBFA-8524-405A-B7D5-8944D0DDC71E}
		{05100108-D3A3-4ACC-B5E1-0B19CD3AE615} = {ABAE42B9-B3E1-441B-90A2-77F84EBD1A24}
		{43F0BD28-FEEF-4EE6-BCBA-B3230ED80A05} = {ABAE42B9-B3E1-441B-90A2-77F84EBD1A24}
		{3E7ADE23-41A9-4B47-8BFC-618C6EACDCD5} = {ABAE42B9-B3E1-441B-90A2-77F84EBD1A24}
		{F55BE64C-CB56-4D13-AE40-9F9039C9BE88} = {05100108-D3A3-4ACC-B5E1-0B19CD3AE615}
		{1D71F495-2110-4681-AA87-D6BDD882ED30} = {43F0BD28-FEEF-4EE6-BCBA-B3230ED80A05}
		{B16BEDD0-5D29-448B-A952-ED97F348FCB7} = {43F0BD28-FEEF-4EE6-BCBA-B3230ED80A05}
		{132BE24B-CA90-4B30-86CD-55C5C25709FC} = {3E7ADE23-41A9-4B47-8BFC-618C6EACDCD5}
		{ECB36D18-80B2-448C-A05E-B176DBAD0B04} = {3E7ADE23-41A9-4B47-8BFC-618C6EACDCD5}
		{F1C1FA37-37ED-4850-8BF8-EBEC09CD4CFB} = {3E7ADE23-41A9-4B47-8BFC-618C6EACDCD5}
		{2C5F247E-5896-48DA-BFDF-E9716A54B0BE} = {05100108-D3A3-4ACC-B5E1-0B19CD3AE615}
		{11D32B0C-7C14-48D7-876D-9D83105BE94B} = {05100108-D3A3-4ACC-B5E1-0B19CD3AE615}
		{551AD8AC-947C-4791-8302-65CDDEB5D6AD} = {05100108-D3A3-4ACC-B5E1-0B19CD3AE615}
		{8EAB66E0-87B8-43F0-8ED1-1339FCA2E953} = {05100108-D3A3-4ACC-B5E1-0B19CD3AE615}
		{88E981E6-E300-43DB-82C6-9518450AC26F} = {966657AC-1F71-46A2-9DAA-E48ABB893F22}
		{CFA605DD-EC5E-4A42-B777-1A7F163FB3C4} = {43F0BD28-FEEF-4EE6-BCBA-B3230ED80A05}
	EndGlobalSection
	GlobalSection(ExtensibilityGlobals) = postSolution
		SolutionGuid = {7386B60D-D238-4059-B941-6706E8BF7E36}
	EndGlobalSection
EndGlobal
